
Microsoft Visual Studio Solution File, Format Version 12.00
# Visual Studio 2013
VisualStudioVersion = 12.0.31101.0
MinimumVisualStudioVersion = 10.0.40219.1
Project("{FAE04EC0-301F-11D3-BF4B-00C04F79EFBC}") = "SystemModule", "SystemModule\SystemModule.csproj", "{73C64B28-DE36-4A27-BD70-166D8B87C1F9}"
EndProject
Project("{FAE04EC0-301F-11D3-BF4B-00C04F79EFBC}") = "OrganizationModule", "OrganizationModule\OrganizationModule.csproj", "{C9E73057-534C-43BA-89F6-C6C258105011}"
EndProject
Project("{FAE04EC0-301F-11D3-BF4B-00C04F79EFBC}") = "AppEngine", "AppEngine\AppEngine.csproj", "{BD7BED99-C991-4505-9E6E-29CA7331A6CD}"
EndProject
Project("{2150E333-8FDC-42A3-9474-1A3956D46DE8}") = "Sql", "Sql", "{7CCE6F02-AF20-4474-8B95-2BD0A0685BE3}"
	ProjectSection(SolutionItems) = preProject
		Sql\AppTraningDB.sql = Sql\AppTraningDB.sql
		TestData.sql = TestData.sql
	EndProjectSection
EndProject
Global
	GlobalSection(SolutionConfigurationPlatforms) = preSolution
		Debug|Any CPU = Debug|Any CPU
		Release|Any CPU = Release|Any CPU
	EndGlobalSection
	GlobalSection(ProjectConfigurationPlatforms) = postSolution
		{73C64B28-DE36-4A27-BD70-166D8B87C1F9}.Debug|Any CPU.ActiveCfg = Debug|Any CPU
		{73C64B28-DE36-4A27-BD70-166D8B87C1F9}.Debug|Any CPU.Build.0 = Debug|Any CPU
		{73C64B28-DE36-4A27-BD70-166D8B87C1F9}.Release|Any CPU.ActiveCfg = Release|Any CPU
		{73C64B28-DE36-4A27-BD70-166D8B87C1F9}.Release|Any CPU.Build.0 = Release|Any CPU
		{C9E73057-534C-43BA-89F6-C6C258105011}.Debug|Any CPU.ActiveCfg = Debug|Any CPU
		{C9E73057-534C-43BA-89F6-C6C258105011}.Debug|Any CPU.Build.0 = Debug|Any CPU
		{C9E73057-534C-43BA-89F6-C6C258105011}.Release|Any CPU.ActiveCfg = Release|Any CPU
		{C9E73057-534C-43BA-89F6-C6C258105011}.Release|Any CPU.Build.0 = Release|Any CPU
		{BD7BED99-C991-4505-9E6E-29CA7331A6CD}.Debug|Any CPU.ActiveCfg = Debug|Any CPU
		{BD7BED99-C991-4505-9E6E-29CA7331A6CD}.Debug|Any CPU.Build.0 = Debug|Any CPU
		{BD7BED99-C991-4505-9E6E-29CA7331A6CD}.Release|Any CPU.ActiveCfg = Release|Any CPU
		{BD7BED99-C991-4505-9E6E-29CA7331A6CD}.Release|Any CPU.Build.0 = Release|Any CPU
	EndGlobalSection
	GlobalSection(SolutionProperties) = preSolution
		HideSolutionNode = FALSE
	EndGlobalSection
EndGlobal
